
Microsoft Visual Studio Solution File, Format Version 12.00
# Visual Studio Version 16
VisualStudioVersion = 16.0.31410.357
MinimumVisualStudioVersion = 10.0.40219.1
Project("{D954291E-2A0B-460D-934E-DC6B0785DB48}") = "pointOfSale.Shared", "pointOfSale\pointOfSale.Shared\pointOfSale.Shared.shproj", "{6279C845-92F8-4333-AB99-3D213163593C}"
EndProject
Project("{2150E333-8FDC-42A3-9474-1A3956D46DE8}") = "Platforms", "Platforms", "{2E67FA86-C29E-4299-BE54-B959F77D29A3}"
EndProject
Project("{FAE04EC0-301F-11D3-BF4B-00C04F79EFBC}") = "pointOfSale.Droid", "pointOfSale\pointOfSale.Droid\pointOfSale.Droid.csproj", "{9BBD2031-E417-4AC8-B5AA-5F8F4DDC3962}"
EndProject
Project("{FAE04EC0-301F-11D3-BF4B-00C04F79EFBC}") = "pointOfSale.iOS", "pointOfSale\pointOfSale.iOS\pointOfSale.iOS.csproj", "{8DAB216E-15E1-4804-8CF7-9C7D6FCE874D}"
EndProject
Project("{FAE04EC0-301F-11D3-BF4B-00C04F79EFBC}") = "pointOfSale.UWP", "pointOfSale\pointOfSale.UWP\pointOfSale.UWP.csproj", "{2F448DD7-0C99-4E96-AB94-85DBFF8C78F7}"
EndProject
Project("{9A19103F-16F7-4668-BE54-9A1E7A4F7556}") = "pointOfSale.Wasm", "pointOfSale\pointOfSale.Wasm\pointOfSale.Wasm.csproj", "{4CA7CD3B-24D2-4F21-A48C-6A68E2C877CE}"
EndProject
Project("{FAE04EC0-301F-11D3-BF4B-00C04F79EFBC}") = "pointOfSale.macOS", "pointOfSale\pointOfSale.macOS\pointOfSale.macOS.csproj", "{358C099C-1DAD-451D-AD20-82B091DB3A42}"
EndProject
Project("{9A19103F-16F7-4668-BE54-9A1E7A4F7556}") = "pointOfSale.Skia.Wpf.Host", "pointOfSale\pointOfSale.Skia.Wpf.Host\pointOfSale.Skia.Wpf.Host.csproj", "{07DB6917-471F-4F8D-AB5E-DB4D6D436291}"
EndProject
Project("{9A19103F-16F7-4668-BE54-9A1E7A4F7556}") = "pointOfSale.Skia.Wpf", "pointOfSale\pointOfSale.Skia.Wpf\pointOfSale.Skia.Wpf.csproj", "{4CF8DAE5-6BB1-4526-92B7-C365149A86F4}"
EndProject
Project("{9A19103F-16F7-4668-BE54-9A1E7A4F7556}") = "pointOfSale.Skia.Gtk", "pointOfSale\pointOfSale.Skia.Gtk\pointOfSale.Skia.Gtk.csproj", "{4EB5DBCD-0BA0-4225-A211-13D856A8D45C}"
EndProject
Project("{9A19103F-16F7-4668-BE54-9A1E7A4F7556}") = "pointOfSale.Skia.Tizen", "pointOfSale\pointOfSale.Skia.Tizen\pointOfSale.Skia.Tizen.csproj", "{3B83892D-482B-49CD-9084-9F029D10E932}"
EndProject
Project("{9A19103F-16F7-4668-BE54-9A1E7A4F7556}") = "pointOfSale.Api", "pointOfSale.Api\pointOfSale.Api.csproj", "{3AB50D9E-7EE6-4932-A05D-04CA4368FCC5}"
EndProject
Global
	GlobalSection(SharedMSBuildProjectFiles) = preSolution
		pointOfSale\pointOfSale.Shared\pointOfSale.Shared.projitems*{2f448dd7-0c99-4e96-ab94-85dbff8c78f7}*SharedItemsImports = 4
		pointOfSale\pointOfSale.Shared\pointOfSale.Shared.projitems*{358c099c-1dad-451d-ad20-82b091db3a42}*SharedItemsImports = 4
		pointOfSale\pointOfSale.Shared\pointOfSale.Shared.projitems*{3b83892d-482b-49cd-9084-9f029d10e932}*SharedItemsImports = 5
		pointOfSale\pointOfSale.Shared\pointOfSale.Shared.projitems*{4ca7cd3b-24d2-4f21-a48c-6a68e2c877ce}*SharedItemsImports = 5
		pointOfSale\pointOfSale.Shared\pointOfSale.Shared.projitems*{4cf8dae5-6bb1-4526-92b7-c365149a86f4}*SharedItemsImports = 5
		pointOfSale\pointOfSale.Shared\pointOfSale.Shared.projitems*{4eb5dbcd-0ba0-4225-a211-13d856a8d45c}*SharedItemsImports = 5
		pointOfSale\pointOfSale.Shared\pointOfSale.Shared.projitems*{6279c845-92f8-4333-ab99-3d213163593c}*SharedItemsImports = 13
		pointOfSale\pointOfSale.Shared\pointOfSale.Shared.projitems*{8dab216e-15e1-4804-8cf7-9c7d6fce874d}*SharedItemsImports = 4
		pointOfSale\pointOfSale.Shared\pointOfSale.Shared.projitems*{9bbd2031-e417-4ac8-b5aa-5f8f4ddc3962}*SharedItemsImports = 4
	EndGlobalSection
	GlobalSection(SolutionConfigurationPlatforms) = preSolution
		Ad-Hoc|Any CPU = Ad-Hoc|Any CPU
		Ad-Hoc|ARM = Ad-Hoc|ARM
		Ad-Hoc|ARM64 = Ad-Hoc|ARM64
		Ad-Hoc|iPhone = Ad-Hoc|iPhone
		Ad-Hoc|iPhoneSimulator = Ad-Hoc|iPhoneSimulator
		Ad-Hoc|x64 = Ad-Hoc|x64
		Ad-Hoc|x86 = Ad-Hoc|x86
		AppStore|Any CPU = AppStore|Any CPU
		AppStore|ARM = AppStore|ARM
		AppStore|ARM64 = AppStore|ARM64
		AppStore|iPhone = AppStore|iPhone
		AppStore|iPhoneSimulator = AppStore|iPhoneSimulator
		AppStore|x64 = AppStore|x64
		AppStore|x86 = AppStore|x86
		Debug|Any CPU = Debug|Any CPU
		Debug|ARM = Debug|ARM
		Debug|ARM64 = Debug|ARM64
		Debug|iPhone = Debug|iPhone
		Debug|iPhoneSimulator = Debug|iPhoneSimulator
		Debug|x64 = Debug|x64
		Debug|x86 = Debug|x86
		Release|Any CPU = Release|Any CPU
		Release|ARM = Release|ARM
		Release|ARM64 = Release|ARM64
		Release|iPhone = Release|iPhone
		Release|iPhoneSimulator = Release|iPhoneSimulator
		Release|x64 = Release|x64
		Release|x86 = Release|x86
	EndGlobalSection
	GlobalSection(ProjectConfigurationPlatforms) = postSolution
		{9BBD2031-E417-4AC8-B5AA-5F8F4DDC3962}.Ad-Hoc|Any CPU.ActiveCfg = Debug|Any CPU
		{9BBD2031-E417-4AC8-B5AA-5F8F4DDC3962}.Ad-Hoc|Any CPU.Build.0 = Debug|Any CPU
		{9BBD2031-E417-4AC8-B5AA-5F8F4DDC3962}.Ad-Hoc|Any CPU.Deploy.0 = Debug|Any CPU
		{9BBD2031-E417-4AC8-B5AA-5F8F4DDC3962}.Ad-Hoc|ARM.ActiveCfg = Debug|Any CPU
		{9BBD2031-E417-4AC8-B5AA-5F8F4DDC3962}.Ad-Hoc|ARM.Build.0 = Debug|Any CPU
		{9BBD2031-E417-4AC8-B5AA-5F8F4DDC3962}.Ad-Hoc|ARM.Deploy.0 = Debug|Any CPU
		{9BBD2031-E417-4AC8-B5AA-5F8F4DDC3962}.Ad-Hoc|ARM64.ActiveCfg = Debug|Any CPU
		{9BBD2031-E417-4AC8-B5AA-5F8F4DDC3962}.Ad-Hoc|ARM64.Build.0 = Debug|Any CPU
		{9BBD2031-E417-4AC8-B5AA-5F8F4DDC3962}.Ad-Hoc|ARM64.Deploy.0 = Debug|Any CPU
		{9BBD2031-E417-4AC8-B5AA-5F8F4DDC3962}.Ad-Hoc|iPhone.ActiveCfg = Debug|Any CPU
		{9BBD2031-E417-4AC8-B5AA-5F8F4DDC3962}.Ad-Hoc|iPhone.Build.0 = Debug|Any CPU
		{9BBD2031-E417-4AC8-B5AA-5F8F4DDC3962}.Ad-Hoc|iPhone.Deploy.0 = Debug|Any CPU
		{9BBD2031-E417-4AC8-B5AA-5F8F4DDC3962}.Ad-Hoc|iPhoneSimulator.ActiveCfg = Debug|Any CPU
		{9BBD2031-E417-4AC8-B5AA-5F8F4DDC3962}.Ad-Hoc|iPhoneSimulator.Build.0 = Debug|Any CPU
		{9BBD2031-E417-4AC8-B5AA-5F8F4DDC3962}.Ad-Hoc|iPhoneSimulator.Deploy.0 = Debug|Any CPU
		{9BBD2031-E417-4AC8-B5AA-5F8F4DDC3962}.Ad-Hoc|x64.ActiveCfg = Debug|Any CPU
		{9BBD2031-E417-4AC8-B5AA-5F8F4DDC3962}.Ad-Hoc|x64.Build.0 = Debug|Any CPU
		{9BBD2031-E417-4AC8-B5AA-5F8F4DDC3962}.Ad-Hoc|x64.Deploy.0 = Debug|Any CPU
		{9BBD2031-E417-4AC8-B5AA-5F8F4DDC3962}.Ad-Hoc|x86.ActiveCfg = Debug|Any CPU
		{9BBD2031-E417-4AC8-B5AA-5F8F4DDC3962}.Ad-Hoc|x86.Build.0 = Debug|Any CPU
		{9BBD2031-E417-4AC8-B5AA-5F8F4DDC3962}.Ad-Hoc|x86.Deploy.0 = Debug|Any CPU
		{9BBD2031-E417-4AC8-B5AA-5F8F4DDC3962}.AppStore|Any CPU.ActiveCfg = Debug|Any CPU
		{9BBD2031-E417-4AC8-B5AA-5F8F4DDC3962}.AppStore|Any CPU.Build.0 = Debug|Any CPU
		{9BBD2031-E417-4AC8-B5AA-5F8F4DDC3962}.AppStore|Any CPU.Deploy.0 = Debug|Any CPU
		{9BBD2031-E417-4AC8-B5AA-5F8F4DDC3962}.AppStore|ARM.ActiveCfg = Debug|Any CPU
		{9BBD2031-E417-4AC8-B5AA-5F8F4DDC3962}.AppStore|ARM.Build.0 = Debug|Any CPU
		{9BBD2031-E417-4AC8-B5AA-5F8F4DDC3962}.AppStore|ARM.Deploy.0 = Debug|Any CPU
		{9BBD2031-E417-4AC8-B5AA-5F8F4DDC3962}.AppStore|ARM64.ActiveCfg = Debug|Any CPU
		{9BBD2031-E417-4AC8-B5AA-5F8F4DDC3962}.AppStore|ARM64.Build.0 = Debug|Any CPU
		{9BBD2031-E417-4AC8-B5AA-5F8F4DDC3962}.AppStore|ARM64.Deploy.0 = Debug|Any CPU
		{9BBD2031-E417-4AC8-B5AA-5F8F4DDC3962}.AppStore|iPhone.ActiveCfg = Debug|Any CPU
		{9BBD2031-E417-4AC8-B5AA-5F8F4DDC3962}.AppStore|iPhone.Build.0 = Debug|Any CPU
		{9BBD2031-E417-4AC8-B5AA-5F8F4DDC3962}.AppStore|iPhone.Deploy.0 = Debug|Any CPU
		{9BBD2031-E417-4AC8-B5AA-5F8F4DDC3962}.AppStore|iPhoneSimulator.ActiveCfg = Debug|Any CPU
		{9BBD2031-E417-4AC8-B5AA-5F8F4DDC3962}.AppStore|iPhoneSimulator.Build.0 = Debug|Any CPU
		{9BBD2031-E417-4AC8-B5AA-5F8F4DDC3962}.AppStore|iPhoneSimulator.Deploy.0 = Debug|Any CPU
		{9BBD2031-E417-4AC8-B5AA-5F8F4DDC3962}.AppStore|x64.ActiveCfg = Debug|Any CPU
		{9BBD2031-E417-4AC8-B5AA-5F8F4DDC3962}.AppStore|x64.Build.0 = Debug|Any CPU
		{9BBD2031-E417-4AC8-B5AA-5F8F4DDC3962}.AppStore|x64.Deploy.0 = Debug|Any CPU
		{9BBD2031-E417-4AC8-B5AA-5F8F4DDC3962}.AppStore|x86.ActiveCfg = Debug|Any CPU
		{9BBD2031-E417-4AC8-B5AA-5F8F4DDC3962}.AppStore|x86.Build.0 = Debug|Any CPU
		{9BBD2031-E417-4AC8-B5AA-5F8F4DDC3962}.AppStore|x86.Deploy.0 = Debug|Any CPU
		{9BBD2031-E417-4AC8-B5AA-5F8F4DDC3962}.Debug|Any CPU.ActiveCfg = Debug|Any CPU
		{9BBD2031-E417-4AC8-B5AA-5F8F4DDC3962}.Debug|Any CPU.Build.0 = Debug|Any CPU
		{9BBD2031-E417-4AC8-B5AA-5F8F4DDC3962}.Debug|Any CPU.Deploy.0 = Debug|Any CPU
		{9BBD2031-E417-4AC8-B5AA-5F8F4DDC3962}.Debug|ARM.ActiveCfg = Debug|Any CPU
		{9BBD2031-E417-4AC8-B5AA-5F8F4DDC3962}.Debug|ARM.Build.0 = Debug|Any CPU
		{9BBD2031-E417-4AC8-B5AA-5F8F4DDC3962}.Debug|ARM.Deploy.0 = Debug|Any CPU
		{9BBD2031-E417-4AC8-B5AA-5F8F4DDC3962}.Debug|ARM64.ActiveCfg = Debug|Any CPU
		{9BBD2031-E417-4AC8-B5AA-5F8F4DDC3962}.Debug|ARM64.Build.0 = Debug|Any CPU
		{9BBD2031-E417-4AC8-B5AA-5F8F4DDC3962}.Debug|ARM64.Deploy.0 = Debug|Any CPU
		{9BBD2031-E417-4AC8-B5AA-5F8F4DDC3962}.Debug|iPhone.ActiveCfg = Debug|Any CPU
		{9BBD2031-E417-4AC8-B5AA-5F8F4DDC3962}.Debug|iPhone.Build.0 = Debug|Any CPU
		{9BBD2031-E417-4AC8-B5AA-5F8F4DDC3962}.Debug|iPhone.Deploy.0 = Debug|Any CPU
		{9BBD2031-E417-4AC8-B5AA-5F8F4DDC3962}.Debug|iPhoneSimulator.ActiveCfg = Debug|Any CPU
		{9BBD2031-E417-4AC8-B5AA-5F8F4DDC3962}.Debug|iPhoneSimulator.Build.0 = Debug|Any CPU
		{9BBD2031-E417-4AC8-B5AA-5F8F4DDC3962}.Debug|iPhoneSimulator.Deploy.0 = Debug|Any CPU
		{9BBD2031-E417-4AC8-B5AA-5F8F4DDC3962}.Debug|x64.ActiveCfg = Debug|Any CPU
		{9BBD2031-E417-4AC8-B5AA-5F8F4DDC3962}.Debug|x64.Build.0 = Debug|Any CPU
		{9BBD2031-E417-4AC8-B5AA-5F8F4DDC3962}.Debug|x64.Deploy.0 = Debug|Any CPU
		{9BBD2031-E417-4AC8-B5AA-5F8F4DDC3962}.Debug|x86.ActiveCfg = Debug|Any CPU
		{9BBD2031-E417-4AC8-B5AA-5F8F4DDC3962}.Release|Any CPU.ActiveCfg = Release|Any CPU
		{9BBD2031-E417-4AC8-B5AA-5F8F4DDC3962}.Release|Any CPU.Build.0 = Release|Any CPU
		{9BBD2031-E417-4AC8-B5AA-5F8F4DDC3962}.Release|Any CPU.Deploy.0 = Release|Any CPU
		{9BBD2031-E417-4AC8-B5AA-5F8F4DDC3962}.Release|ARM.ActiveCfg = Release|Any CPU
		{9BBD2031-E417-4AC8-B5AA-5F8F4DDC3962}.Release|ARM.Build.0 = Release|Any CPU
		{9BBD2031-E417-4AC8-B5AA-5F8F4DDC3962}.Release|ARM.Deploy.0 = Release|Any CPU
		{9BBD2031-E417-4AC8-B5AA-5F8F4DDC3962}.Release|ARM64.ActiveCfg = Release|Any CPU
		{9BBD2031-E417-4AC8-B5AA-5F8F4DDC3962}.Release|ARM64.Build.0 = Release|Any CPU
		{9BBD2031-E417-4AC8-B5AA-5F8F4DDC3962}.Release|ARM64.Deploy.0 = Release|Any CPU
		{9BBD2031-E417-4AC8-B5AA-5F8F4DDC3962}.Release|iPhone.ActiveCfg = Release|Any CPU
		{9BBD2031-E417-4AC8-B5AA-5F8F4DDC3962}.Release|iPhone.Build.0 = Release|Any CPU
		{9BBD2031-E417-4AC8-B5AA-5F8F4DDC3962}.Release|iPhone.Deploy.0 = Release|Any CPU
		{9BBD2031-E417-4AC8-B5AA-5F8F4DDC3962}.Release|iPhoneSimulator.ActiveCfg = Release|Any CPU
		{9BBD2031-E417-4AC8-B5AA-5F8F4DDC3962}.Release|iPhoneSimulator.Build.0 = Release|Any CPU
		{9BBD2031-E417-4AC8-B5AA-5F8F4DDC3962}.Release|iPhoneSimulator.Deploy.0 = Release|Any CPU
		{9BBD2031-E417-4AC8-B5AA-5F8F4DDC3962}.Release|x64.ActiveCfg = Release|Any CPU
		{9BBD2031-E417-4AC8-B5AA-5F8F4DDC3962}.Release|x64.Build.0 = Release|Any CPU
		{9BBD2031-E417-4AC8-B5AA-5F8F4DDC3962}.Release|x64.Deploy.0 = Release|Any CPU
		{9BBD2031-E417-4AC8-B5AA-5F8F4DDC3962}.Release|x86.ActiveCfg = Release|Any CPU
		{9BBD2031-E417-4AC8-B5AA-5F8F4DDC3962}.Release|x86.Build.0 = Release|Any CPU
		{9BBD2031-E417-4AC8-B5AA-5F8F4DDC3962}.Release|x86.Deploy.0 = Release|Any CPU
		{8DAB216E-15E1-4804-8CF7-9C7D6FCE874D}.Ad-Hoc|Any CPU.ActiveCfg = Ad-Hoc|iPhoneSimulator
		{8DAB216E-15E1-4804-8CF7-9C7D6FCE874D}.Ad-Hoc|ARM.ActiveCfg = Ad-Hoc|iPhoneSimulator
		{8DAB216E-15E1-4804-8CF7-9C7D6FCE874D}.Ad-Hoc|ARM64.ActiveCfg = Ad-Hoc|iPhoneSimulator
		{8DAB216E-15E1-4804-8CF7-9C7D6FCE874D}.Ad-Hoc|iPhone.ActiveCfg = Ad-Hoc|iPhone
		{8DAB216E-15E1-4804-8CF7-9C7D6FCE874D}.Ad-Hoc|iPhone.Build.0 = Ad-Hoc|iPhone
		{8DAB216E-15E1-4804-8CF7-9C7D6FCE874D}.Ad-Hoc|iPhoneSimulator.ActiveCfg = Ad-Hoc|iPhoneSimulator
		{8DAB216E-15E1-4804-8CF7-9C7D6FCE874D}.Ad-Hoc|iPhoneSimulator.Build.0 = Ad-Hoc|iPhoneSimulator
		{8DAB216E-15E1-4804-8CF7-9C7D6FCE874D}.Ad-Hoc|x64.ActiveCfg = Ad-Hoc|iPhoneSimulator
		{8DAB216E-15E1-4804-8CF7-9C7D6FCE874D}.Ad-Hoc|x86.ActiveCfg = Ad-Hoc|iPhoneSimulator
		{8DAB216E-15E1-4804-8CF7-9C7D6FCE874D}.AppStore|Any CPU.ActiveCfg = AppStore|iPhoneSimulator
		{8DAB216E-15E1-4804-8CF7-9C7D6FCE874D}.AppStore|ARM.ActiveCfg = AppStore|iPhoneSimulator
		{8DAB216E-15E1-4804-8CF7-9C7D6FCE874D}.AppStore|ARM64.ActiveCfg = AppStore|iPhoneSimulator
		{8DAB216E-15E1-4804-8CF7-9C7D6FCE874D}.AppStore|iPhone.ActiveCfg = AppStore|iPhone
		{8DAB216E-15E1-4804-8CF7-9C7D6FCE874D}.AppStore|iPhone.Build.0 = AppStore|iPhone
		{8DAB216E-15E1-4804-8CF7-9C7D6FCE874D}.AppStore|iPhoneSimulator.ActiveCfg = AppStore|iPhoneSimulator
		{8DAB216E-15E1-4804-8CF7-9C7D6FCE874D}.AppStore|iPhoneSimulator.Build.0 = AppStore|iPhoneSimulator
		{8DAB216E-15E1-4804-8CF7-9C7D6FCE874D}.AppStore|x64.ActiveCfg = AppStore|iPhoneSimulator
		{8DAB216E-15E1-4804-8CF7-9C7D6FCE874D}.AppStore|x86.ActiveCfg = AppStore|iPhoneSimulator
		{8DAB216E-15E1-4804-8CF7-9C7D6FCE874D}.Debug|Any CPU.ActiveCfg = Debug|iPhoneSimulator
		{8DAB216E-15E1-4804-8CF7-9C7D6FCE874D}.Debug|ARM.ActiveCfg = Debug|iPhoneSimulator
		{8DAB216E-15E1-4804-8CF7-9C7D6FCE874D}.Debug|ARM64.ActiveCfg = Debug|iPhoneSimulator
		{8DAB216E-15E1-4804-8CF7-9C7D6FCE874D}.Debug|iPhone.ActiveCfg = Debug|iPhone
		{8DAB216E-15E1-4804-8CF7-9C7D6FCE874D}.Debug|iPhone.Build.0 = Debug|iPhone
		{8DAB216E-15E1-4804-8CF7-9C7D6FCE874D}.Debug|iPhoneSimulator.ActiveCfg = Debug|iPhoneSimulator
		{8DAB216E-15E1-4804-8CF7-9C7D6FCE874D}.Debug|iPhoneSimulator.Build.0 = Debug|iPhoneSimulator
		{8DAB216E-15E1-4804-8CF7-9C7D6FCE874D}.Debug|x64.ActiveCfg = Debug|iPhoneSimulator
		{8DAB216E-15E1-4804-8CF7-9C7D6FCE874D}.Debug|x86.ActiveCfg = Debug|iPhoneSimulator
		{8DAB216E-15E1-4804-8CF7-9C7D6FCE874D}.Release|Any CPU.ActiveCfg = Release|iPhoneSimulator
		{8DAB216E-15E1-4804-8CF7-9C7D6FCE874D}.Release|ARM.ActiveCfg = Release|iPhoneSimulator
		{8DAB216E-15E1-4804-8CF7-9C7D6FCE874D}.Release|ARM64.ActiveCfg = Release|iPhoneSimulator
		{8DAB216E-15E1-4804-8CF7-9C7D6FCE874D}.Release|iPhone.ActiveCfg = Release|iPhone
		{8DAB216E-15E1-4804-8CF7-9C7D6FCE874D}.Release|iPhone.Build.0 = Release|iPhone
		{8DAB216E-15E1-4804-8CF7-9C7D6FCE874D}.Release|iPhoneSimulator.ActiveCfg = Release|iPhoneSimulator
		{8DAB216E-15E1-4804-8CF7-9C7D6FCE874D}.Release|iPhoneSimulator.Build.0 = Release|iPhoneSimulator
		{8DAB216E-15E1-4804-8CF7-9C7D6FCE874D}.Release|x64.ActiveCfg = Release|iPhoneSimulator
		{8DAB216E-15E1-4804-8CF7-9C7D6FCE874D}.Release|x86.ActiveCfg = Release|iPhoneSimulator
		{2F448DD7-0C99-4E96-AB94-85DBFF8C78F7}.Ad-Hoc|Any CPU.ActiveCfg = Debug|x86
		{2F448DD7-0C99-4E96-AB94-85DBFF8C78F7}.Ad-Hoc|Any CPU.Build.0 = Debug|x86
		{2F448DD7-0C99-4E96-AB94-85DBFF8C78F7}.Ad-Hoc|Any CPU.Deploy.0 = Debug|x86
		{2F448DD7-0C99-4E96-AB94-85DBFF8C78F7}.Ad-Hoc|ARM.ActiveCfg = Debug|ARM
		{2F448DD7-0C99-4E96-AB94-85DBFF8C78F7}.Ad-Hoc|ARM.Build.0 = Debug|ARM
		{2F448DD7-0C99-4E96-AB94-85DBFF8C78F7}.Ad-Hoc|ARM.Deploy.0 = Debug|ARM
		{2F448DD7-0C99-4E96-AB94-85DBFF8C78F7}.Ad-Hoc|ARM64.ActiveCfg = Debug|ARM64
		{2F448DD7-0C99-4E96-AB94-85DBFF8C78F7}.Ad-Hoc|ARM64.Build.0 = Debug|ARM64
		{2F448DD7-0C99-4E96-AB94-85DBFF8C78F7}.Ad-Hoc|ARM64.Deploy.0 = Debug|ARM64
		{2F448DD7-0C99-4E96-AB94-85DBFF8C78F7}.Ad-Hoc|iPhone.ActiveCfg = Debug|x86
		{2F448DD7-0C99-4E96-AB94-85DBFF8C78F7}.Ad-Hoc|iPhone.Build.0 = Debug|x86
		{2F448DD7-0C99-4E96-AB94-85DBFF8C78F7}.Ad-Hoc|iPhone.Deploy.0 = Debug|x86
		{2F448DD7-0C99-4E96-AB94-85DBFF8C78F7}.Ad-Hoc|iPhoneSimulator.ActiveCfg = Debug|x86
		{2F448DD7-0C99-4E96-AB94-85DBFF8C78F7}.Ad-Hoc|iPhoneSimulator.Build.0 = Debug|x86
		{2F448DD7-0C99-4E96-AB94-85DBFF8C78F7}.Ad-Hoc|iPhoneSimulator.Deploy.0 = Debug|x86
		{2F448DD7-0C99-4E96-AB94-85DBFF8C78F7}.Ad-Hoc|x64.ActiveCfg = Debug|x64
		{2F448DD7-0C99-4E96-AB94-85DBFF8C78F7}.Ad-Hoc|x64.Build.0 = Debug|x64
		{2F448DD7-0C99-4E96-AB94-85DBFF8C78F7}.Ad-Hoc|x64.Deploy.0 = Debug|x64
		{2F448DD7-0C99-4E96-AB94-85DBFF8C78F7}.Ad-Hoc|x86.ActiveCfg = Debug|x86
		{2F448DD7-0C99-4E96-AB94-85DBFF8C78F7}.Ad-Hoc|x86.Build.0 = Debug|x86
		{2F448DD7-0C99-4E96-AB94-85DBFF8C78F7}.Ad-Hoc|x86.Deploy.0 = Debug|x86
		{2F448DD7-0C99-4E96-AB94-85DBFF8C78F7}.AppStore|Any CPU.ActiveCfg = Debug|x86
		{2F448DD7-0C99-4E96-AB94-85DBFF8C78F7}.AppStore|Any CPU.Build.0 = Debug|x86
		{2F448DD7-0C99-4E96-AB94-85DBFF8C78F7}.AppStore|Any CPU.Deploy.0 = Debug|x86
		{2F448DD7-0C99-4E96-AB94-85DBFF8C78F7}.AppStore|ARM.ActiveCfg = Debug|ARM
		{2F448DD7-0C99-4E96-AB94-85DBFF8C78F7}.AppStore|ARM.Build.0 = Debug|ARM
		{2F448DD7-0C99-4E96-AB94-85DBFF8C78F7}.AppStore|ARM.Deploy.0 = Debug|ARM
		{2F448DD7-0C99-4E96-AB94-85DBFF8C78F7}.AppStore|ARM64.ActiveCfg = Debug|ARM64
		{2F448DD7-0C99-4E96-AB94-85DBFF8C78F7}.AppStore|ARM64.Build.0 = Debug|ARM64
		{2F448DD7-0C99-4E96-AB94-85DBFF8C78F7}.AppStore|ARM64.Deploy.0 = Debug|ARM64
		{2F448DD7-0C99-4E96-AB94-85DBFF8C78F7}.AppStore|iPhone.ActiveCfg = Debug|x86
		{2F448DD7-0C99-4E96-AB94-85DBFF8C78F7}.AppStore|iPhone.Build.0 = Debug|x86
		{2F448DD7-0C99-4E96-AB94-85DBFF8C78F7}.AppStore|iPhone.Deploy.0 = Debug|x86
		{2F448DD7-0C99-4E96-AB94-85DBFF8C78F7}.AppStore|iPhoneSimulator.ActiveCfg = Debug|x86
		{2F448DD7-0C99-4E96-AB94-85DBFF8C78F7}.AppStore|iPhoneSimulator.Build.0 = Debug|x86
		{2F448DD7-0C99-4E96-AB94-85DBFF8C78F7}.AppStore|iPhoneSimulator.Deploy.0 = Debug|x86
		{2F448DD7-0C99-4E96-AB94-85DBFF8C78F7}.AppStore|x64.ActiveCfg = Debug|x64
		{2F448DD7-0C99-4E96-AB94-85DBFF8C78F7}.AppStore|x64.Build.0 = Debug|x64
		{2F448DD7-0C99-4E96-AB94-85DBFF8C78F7}.AppStore|x64.Deploy.0 = Debug|x64
		{2F448DD7-0C99-4E96-AB94-85DBFF8C78F7}.AppStore|x86.ActiveCfg = Debug|x86
		{2F448DD7-0C99-4E96-AB94-85DBFF8C78F7}.AppStore|x86.Build.0 = Debug|x86
		{2F448DD7-0C99-4E96-AB94-85DBFF8C78F7}.AppStore|x86.Deploy.0 = Debug|x86
		{2F448DD7-0C99-4E96-AB94-85DBFF8C78F7}.Debug|Any CPU.ActiveCfg = Debug|x86
		{2F448DD7-0C99-4E96-AB94-85DBFF8C78F7}.Debug|Any CPU.Build.0 = Debug|x86
		{2F448DD7-0C99-4E96-AB94-85DBFF8C78F7}.Debug|Any CPU.Deploy.0 = Debug|x86
		{2F448DD7-0C99-4E96-AB94-85DBFF8C78F7}.Debug|ARM.ActiveCfg = Debug|ARM
		{2F448DD7-0C99-4E96-AB94-85DBFF8C78F7}.Debug|ARM.Build.0 = Debug|ARM
		{2F448DD7-0C99-4E96-AB94-85DBFF8C78F7}.Debug|ARM.Deploy.0 = Debug|ARM
		{2F448DD7-0C99-4E96-AB94-85DBFF8C78F7}.Debug|ARM64.ActiveCfg = Debug|ARM64
		{2F448DD7-0C99-4E96-AB94-85DBFF8C78F7}.Debug|ARM64.Build.0 = Debug|ARM64
		{2F448DD7-0C99-4E96-AB94-85DBFF8C78F7}.Debug|ARM64.Deploy.0 = Debug|ARM64
		{2F448DD7-0C99-4E96-AB94-85DBFF8C78F7}.Debug|iPhone.ActiveCfg = Debug|x86
		{2F448DD7-0C99-4E96-AB94-85DBFF8C78F7}.Debug|iPhoneSimulator.ActiveCfg = Debug|x86
		{2F448DD7-0C99-4E96-AB94-85DBFF8C78F7}.Debug|x64.ActiveCfg = Debug|x64
		{2F448DD7-0C99-4E96-AB94-85DBFF8C78F7}.Debug|x64.Build.0 = Debug|x64
		{2F448DD7-0C99-4E96-AB94-85DBFF8C78F7}.Debug|x64.Deploy.0 = Debug|x64
		{2F448DD7-0C99-4E96-AB94-85DBFF8C78F7}.Debug|x86.ActiveCfg = Debug|x86
		{2F448DD7-0C99-4E96-AB94-85DBFF8C78F7}.Release|Any CPU.ActiveCfg = Release|x86
		{2F448DD7-0C99-4E96-AB94-85DBFF8C78F7}.Release|ARM.ActiveCfg = Release|ARM
		{2F448DD7-0C99-4E96-AB94-85DBFF8C78F7}.Release|ARM.Build.0 = Release|ARM
		{2F448DD7-0C99-4E96-AB94-85DBFF8C78F7}.Release|ARM.Deploy.0 = Release|ARM
		{2F448DD7-0C99-4E96-AB94-85DBFF8C78F7}.Release|ARM64.ActiveCfg = Release|ARM64
		{2F448DD7-0C99-4E96-AB94-85DBFF8C78F7}.Release|ARM64.Build.0 = Release|ARM64
		{2F448DD7-0C99-4E96-AB94-85DBFF8C78F7}.Release|ARM64.Deploy.0 = Release|ARM64
		{2F448DD7-0C99-4E96-AB94-85DBFF8C78F7}.Release|iPhone.ActiveCfg = Release|x86
		{2F448DD7-0C99-4E96-AB94-85DBFF8C78F7}.Release|iPhoneSimulator.ActiveCfg = Release|x86
		{2F448DD7-0C99-4E96-AB94-85DBFF8C78F7}.Release|x64.ActiveCfg = Release|x64
		{2F448DD7-0C99-4E96-AB94-85DBFF8C78F7}.Release|x64.Build.0 = Release|x64
		{2F448DD7-0C99-4E96-AB94-85DBFF8C78F7}.Release|x64.Deploy.0 = Release|x64
		{2F448DD7-0C99-4E96-AB94-85DBFF8C78F7}.Release|x86.ActiveCfg = Release|x86
		{2F448DD7-0C99-4E96-AB94-85DBFF8C78F7}.Release|x86.Build.0 = Release|x86
		{2F448DD7-0C99-4E96-AB94-85DBFF8C78F7}.Release|x86.Deploy.0 = Release|x86
		{4CA7CD3B-24D2-4F21-A48C-6A68E2C877CE}.Ad-Hoc|Any CPU.ActiveCfg = Debug|Any CPU
		{4CA7CD3B-24D2-4F21-A48C-6A68E2C877CE}.Ad-Hoc|Any CPU.Build.0 = Debug|Any CPU
		{4CA7CD3B-24D2-4F21-A48C-6A68E2C877CE}.Ad-Hoc|ARM.ActiveCfg = Debug|Any CPU
		{4CA7CD3B-24D2-4F21-A48C-6A68E2C877CE}.Ad-Hoc|ARM.Build.0 = Debug|Any CPU
		{4CA7CD3B-24D2-4F21-A48C-6A68E2C877CE}.Ad-Hoc|ARM64.ActiveCfg = Debug|Any CPU
		{4CA7CD3B-24D2-4F21-A48C-6A68E2C877CE}.Ad-Hoc|ARM64.Build.0 = Debug|Any CPU
		{4CA7CD3B-24D2-4F21-A48C-6A68E2C877CE}.Ad-Hoc|iPhone.ActiveCfg = Debug|Any CPU
		{4CA7CD3B-24D2-4F21-A48C-6A68E2C877CE}.Ad-Hoc|iPhone.Build.0 = Debug|Any CPU
		{4CA7CD3B-24D2-4F21-A48C-6A68E2C877CE}.Ad-Hoc|iPhoneSimulator.ActiveCfg = Debug|Any CPU
		{4CA7CD3B-24D2-4F21-A48C-6A68E2C877CE}.Ad-Hoc|iPhoneSimulator.Build.0 = Debug|Any CPU
		{4CA7CD3B-24D2-4F21-A48C-6A68E2C877CE}.Ad-Hoc|x64.ActiveCfg = Debug|Any CPU
		{4CA7CD3B-24D2-4F21-A48C-6A68E2C877CE}.Ad-Hoc|x64.Build.0 = Debug|Any CPU
		{4CA7CD3B-24D2-4F21-A48C-6A68E2C877CE}.Ad-Hoc|x86.ActiveCfg = Debug|Any CPU
		{4CA7CD3B-24D2-4F21-A48C-6A68E2C877CE}.Ad-Hoc|x86.Build.0 = Debug|Any CPU
		{4CA7CD3B-24D2-4F21-A48C-6A68E2C877CE}.AppStore|Any CPU.ActiveCfg = Debug|Any CPU
		{4CA7CD3B-24D2-4F21-A48C-6A68E2C877CE}.AppStore|Any CPU.Build.0 = Debug|Any CPU
		{4CA7CD3B-24D2-4F21-A48C-6A68E2C877CE}.AppStore|ARM.ActiveCfg = Debug|Any CPU
		{4CA7CD3B-24D2-4F21-A48C-6A68E2C877CE}.AppStore|ARM.Build.0 = Debug|Any CPU
		{4CA7CD3B-24D2-4F21-A48C-6A68E2C877CE}.AppStore|ARM64.ActiveCfg = Debug|Any CPU
		{4CA7CD3B-24D2-4F21-A48C-6A68E2C877CE}.AppStore|ARM64.Build.0 = Debug|Any CPU
		{4CA7CD3B-24D2-4F21-A48C-6A68E2C877CE}.AppStore|iPhone.ActiveCfg = Debug|Any CPU
		{4CA7CD3B-24D2-4F21-A48C-6A68E2C877CE}.AppStore|iPhone.Build.0 = Debug|Any CPU
		{4CA7CD3B-24D2-4F21-A48C-6A68E2C877CE}.AppStore|iPhoneSimulator.ActiveCfg = Debug|Any CPU
		{4CA7CD3B-24D2-4F21-A48C-6A68E2C877CE}.AppStore|iPhoneSimulator.Build.0 = Debug|Any CPU
		{4CA7CD3B-24D2-4F21-A48C-6A68E2C877CE}.AppStore|x64.ActiveCfg = Debug|Any CPU
		{4CA7CD3B-24D2-4F21-A48C-6A68E2C877CE}.AppStore|x64.Build.0 = Debug|Any CPU
		{4CA7CD3B-24D2-4F21-A48C-6A68E2C877CE}.AppStore|x86.ActiveCfg = Debug|Any CPU
		{4CA7CD3B-24D2-4F21-A48C-6A68E2C877CE}.AppStore|x86.Build.0 = Debug|Any CPU
		{4CA7CD3B-24D2-4F21-A48C-6A68E2C877CE}.Debug|Any CPU.ActiveCfg = Debug|Any CPU
		{4CA7CD3B-24D2-4F21-A48C-6A68E2C877CE}.Debug|Any CPU.Build.0 = Debug|Any CPU
		{4CA7CD3B-24D2-4F21-A48C-6A68E2C877CE}.Debug|ARM.ActiveCfg = Debug|Any CPU
		{4CA7CD3B-24D2-4F21-A48C-6A68E2C877CE}.Debug|ARM.Build.0 = Debug|Any CPU
		{4CA7CD3B-24D2-4F21-A48C-6A68E2C877CE}.Debug|ARM64.ActiveCfg = Debug|Any CPU
		{4CA7CD3B-24D2-4F21-A48C-6A68E2C877CE}.Debug|ARM64.Build.0 = Debug|Any CPU
		{4CA7CD3B-24D2-4F21-A48C-6A68E2C877CE}.Debug|iPhone.ActiveCfg = Debug|Any CPU
		{4CA7CD3B-24D2-4F21-A48C-6A68E2C877CE}.Debug|iPhone.Build.0 = Debug|Any CPU
		{4CA7CD3B-24D2-4F21-A48C-6A68E2C877CE}.Debug|iPhoneSimulator.ActiveCfg = Debug|Any CPU
		{4CA7CD3B-24D2-4F21-A48C-6A68E2C877CE}.Debug|iPhoneSimulator.Build.0 = Debug|Any CPU
		{4CA7CD3B-24D2-4F21-A48C-6A68E2C877CE}.Debug|x64.ActiveCfg = Debug|Any CPU
		{4CA7CD3B-24D2-4F21-A48C-6A68E2C877CE}.Debug|x64.Build.0 = Debug|Any CPU
		{4CA7CD3B-24D2-4F21-A48C-6A68E2C877CE}.Debug|x86.ActiveCfg = Debug|Any CPU
		{4CA7CD3B-24D2-4F21-A48C-6A68E2C877CE}.Release|Any CPU.ActiveCfg = Release|Any CPU
		{4CA7CD3B-24D2-4F21-A48C-6A68E2C877CE}.Release|Any CPU.Build.0 = Release|Any CPU
		{4CA7CD3B-24D2-4F21-A48C-6A68E2C877CE}.Release|ARM.ActiveCfg = Release|Any CPU
		{4CA7CD3B-24D2-4F21-A48C-6A68E2C877CE}.Release|ARM.Build.0 = Release|Any CPU
		{4CA7CD3B-24D2-4F21-A48C-6A68E2C877CE}.Release|ARM64.ActiveCfg = Release|Any CPU
		{4CA7CD3B-24D2-4F21-A48C-6A68E2C877CE}.Release|ARM64.Build.0 = Release|Any CPU
		{4CA7CD3B-24D2-4F21-A48C-6A68E2C877CE}.Release|iPhone.ActiveCfg = Release|Any CPU
		{4CA7CD3B-24D2-4F21-A48C-6A68E2C877CE}.Release|iPhone.Build.0 = Release|Any CPU
		{4CA7CD3B-24D2-4F21-A48C-6A68E2C877CE}.Release|iPhoneSimulator.ActiveCfg = Release|Any CPU
		{4CA7CD3B-24D2-4F21-A48C-6A68E2C877CE}.Release|iPhoneSimulator.Build.0 = Release|Any CPU
		{4CA7CD3B-24D2-4F21-A48C-6A68E2C877CE}.Release|x64.ActiveCfg = Release|Any CPU
		{4CA7CD3B-24D2-4F21-A48C-6A68E2C877CE}.Release|x64.Build.0 = Release|Any CPU
		{4CA7CD3B-24D2-4F21-A48C-6A68E2C877CE}.Release|x86.ActiveCfg = Release|Any CPU
		{4CA7CD3B-24D2-4F21-A48C-6A68E2C877CE}.Release|x86.Build.0 = Release|Any CPU
		{358C099C-1DAD-451D-AD20-82B091DB3A42}.Ad-Hoc|Any CPU.ActiveCfg = Debug|iPhoneSimulator
		{358C099C-1DAD-451D-AD20-82B091DB3A42}.Ad-Hoc|Any CPU.Build.0 = Debug|iPhoneSimulator
		{358C099C-1DAD-451D-AD20-82B091DB3A42}.Ad-Hoc|ARM.ActiveCfg = Debug|iPhoneSimulator
		{358C099C-1DAD-451D-AD20-82B091DB3A42}.Ad-Hoc|ARM.Build.0 = Debug|iPhoneSimulator
		{358C099C-1DAD-451D-AD20-82B091DB3A42}.Ad-Hoc|ARM64.ActiveCfg = Debug|iPhoneSimulator
		{358C099C-1DAD-451D-AD20-82B091DB3A42}.Ad-Hoc|ARM64.Build.0 = Debug|iPhoneSimulator
		{358C099C-1DAD-451D-AD20-82B091DB3A42}.Ad-Hoc|iPhone.ActiveCfg = Debug|iPhoneSimulator
		{358C099C-1DAD-451D-AD20-82B091DB3A42}.Ad-Hoc|iPhone.Build.0 = Debug|iPhoneSimulator
		{358C099C-1DAD-451D-AD20-82B091DB3A42}.Ad-Hoc|iPhoneSimulator.ActiveCfg = Debug|iPhoneSimulator
		{358C099C-1DAD-451D-AD20-82B091DB3A42}.Ad-Hoc|iPhoneSimulator.Build.0 = Debug|iPhoneSimulator
		{358C099C-1DAD-451D-AD20-82B091DB3A42}.Ad-Hoc|x64.ActiveCfg = Debug|iPhoneSimulator
		{358C099C-1DAD-451D-AD20-82B091DB3A42}.Ad-Hoc|x64.Build.0 = Debug|iPhoneSimulator
		{358C099C-1DAD-451D-AD20-82B091DB3A42}.Ad-Hoc|x86.ActiveCfg = Debug|iPhoneSimulator
		{358C099C-1DAD-451D-AD20-82B091DB3A42}.Ad-Hoc|x86.Build.0 = Debug|iPhoneSimulator
		{358C099C-1DAD-451D-AD20-82B091DB3A42}.AppStore|Any CPU.ActiveCfg = Debug|iPhoneSimulator
		{358C099C-1DAD-451D-AD20-82B091DB3A42}.AppStore|Any CPU.Build.0 = Debug|iPhoneSimulator
		{358C099C-1DAD-451D-AD20-82B091DB3A42}.AppStore|ARM.ActiveCfg = Debug|iPhoneSimulator
		{358C099C-1DAD-451D-AD20-82B091DB3A42}.AppStore|ARM.Build.0 = Debug|iPhoneSimulator
		{358C099C-1DAD-451D-AD20-82B091DB3A42}.AppStore|ARM64.ActiveCfg = Debug|iPhoneSimulator
		{358C099C-1DAD-451D-AD20-82B091DB3A42}.AppStore|ARM64.Build.0 = Debug|iPhoneSimulator
		{358C099C-1DAD-451D-AD20-82B091DB3A42}.AppStore|iPhone.ActiveCfg = Debug|iPhoneSimulator
		{358C099C-1DAD-451D-AD20-82B091DB3A42}.AppStore|iPhone.Build.0 = Debug|iPhoneSimulator
		{358C099C-1DAD-451D-AD20-82B091DB3A42}.AppStore|iPhoneSimulator.ActiveCfg = Debug|iPhoneSimulator
		{358C099C-1DAD-451D-AD20-82B091DB3A42}.AppStore|iPhoneSimulator.Build.0 = Debug|iPhoneSimulator
		{358C099C-1DAD-451D-AD20-82B091DB3A42}.AppStore|x64.ActiveCfg = Debug|iPhoneSimulator
		{358C099C-1DAD-451D-AD20-82B091DB3A42}.AppStore|x64.Build.0 = Debug|iPhoneSimulator
		{358C099C-1DAD-451D-AD20-82B091DB3A42}.AppStore|x86.ActiveCfg = Debug|iPhoneSimulator
		{358C099C-1DAD-451D-AD20-82B091DB3A42}.AppStore|x86.Build.0 = Debug|iPhoneSimulator
		{358C099C-1DAD-451D-AD20-82B091DB3A42}.Debug|Any CPU.ActiveCfg = Debug|iPhoneSimulator
		{358C099C-1DAD-451D-AD20-82B091DB3A42}.Debug|ARM.ActiveCfg = Debug|iPhoneSimulator
		{358C099C-1DAD-451D-AD20-82B091DB3A42}.Debug|ARM64.ActiveCfg = Debug|iPhoneSimulator
		{358C099C-1DAD-451D-AD20-82B091DB3A42}.Debug|iPhone.ActiveCfg = Debug|iPhoneSimulator
		{358C099C-1DAD-451D-AD20-82B091DB3A42}.Debug|iPhoneSimulator.ActiveCfg = Debug|iPhoneSimulator
		{358C099C-1DAD-451D-AD20-82B091DB3A42}.Debug|iPhoneSimulator.Build.0 = Debug|iPhoneSimulator
		{358C099C-1DAD-451D-AD20-82B091DB3A42}.Debug|x64.ActiveCfg = Debug|iPhoneSimulator
		{358C099C-1DAD-451D-AD20-82B091DB3A42}.Debug|x86.ActiveCfg = Debug|iPhoneSimulator
		{358C099C-1DAD-451D-AD20-82B091DB3A42}.Release|Any CPU.ActiveCfg = Release|iPhoneSimulator
		{358C099C-1DAD-451D-AD20-82B091DB3A42}.Release|ARM.ActiveCfg = Release|iPhoneSimulator
		{358C099C-1DAD-451D-AD20-82B091DB3A42}.Release|ARM64.ActiveCfg = Release|iPhoneSimulator
		{358C099C-1DAD-451D-AD20-82B091DB3A42}.Release|iPhone.ActiveCfg = Release|iPhoneSimulator
		{358C099C-1DAD-451D-AD20-82B091DB3A42}.Release|iPhoneSimulator.ActiveCfg = Release|iPhoneSimulator
		{358C099C-1DAD-451D-AD20-82B091DB3A42}.Release|iPhoneSimulator.Build.0 = Release|iPhoneSimulator
		{358C099C-1DAD-451D-AD20-82B091DB3A42}.Release|x64.ActiveCfg = Release|iPhoneSimulator
		{358C099C-1DAD-451D-AD20-82B091DB3A42}.Release|x86.ActiveCfg = Release|iPhoneSimulator
		{07DB6917-471F-4F8D-AB5E-DB4D6D436291}.Ad-Hoc|Any CPU.ActiveCfg = Debug|Any CPU
		{07DB6917-471F-4F8D-AB5E-DB4D6D436291}.Ad-Hoc|Any CPU.Build.0 = Debug|Any CPU
		{07DB6917-471F-4F8D-AB5E-DB4D6D436291}.Ad-Hoc|ARM.ActiveCfg = Debug|Any CPU
		{07DB6917-471F-4F8D-AB5E-DB4D6D436291}.Ad-Hoc|ARM.Build.0 = Debug|Any CPU
		{07DB6917-471F-4F8D-AB5E-DB4D6D436291}.Ad-Hoc|ARM64.ActiveCfg = Debug|Any CPU
		{07DB6917-471F-4F8D-AB5E-DB4D6D436291}.Ad-Hoc|ARM64.Build.0 = Debug|Any CPU
		{07DB6917-471F-4F8D-AB5E-DB4D6D436291}.Ad-Hoc|iPhone.ActiveCfg = Debug|Any CPU
		{07DB6917-471F-4F8D-AB5E-DB4D6D436291}.Ad-Hoc|iPhone.Build.0 = Debug|Any CPU
		{07DB6917-471F-4F8D-AB5E-DB4D6D436291}.Ad-Hoc|iPhoneSimulator.ActiveCfg = Debug|Any CPU
		{07DB6917-471F-4F8D-AB5E-DB4D6D436291}.Ad-Hoc|iPhoneSimulator.Build.0 = Debug|Any CPU
		{07DB6917-471F-4F8D-AB5E-DB4D6D436291}.Ad-Hoc|x64.ActiveCfg = Debug|Any CPU
		{07DB6917-471F-4F8D-AB5E-DB4D6D436291}.Ad-Hoc|x64.Build.0 = Debug|Any CPU
		{07DB6917-471F-4F8D-AB5E-DB4D6D436291}.Ad-Hoc|x86.ActiveCfg = Debug|Any CPU
		{07DB6917-471F-4F8D-AB5E-DB4D6D436291}.Ad-Hoc|x86.Build.0 = Debug|Any CPU
		{07DB6917-471F-4F8D-AB5E-DB4D6D436291}.AppStore|Any CPU.ActiveCfg = Debug|Any CPU
		{07DB6917-471F-4F8D-AB5E-DB4D6D436291}.AppStore|Any CPU.Build.0 = Debug|Any CPU
		{07DB6917-471F-4F8D-AB5E-DB4D6D436291}.AppStore|ARM.ActiveCfg = Debug|Any CPU
		{07DB6917-471F-4F8D-AB5E-DB4D6D436291}.AppStore|ARM.Build.0 = Debug|Any CPU
		{07DB6917-471F-4F8D-AB5E-DB4D6D436291}.AppStore|ARM64.ActiveCfg = Debug|Any CPU
		{07DB6917-471F-4F8D-AB5E-DB4D6D436291}.AppStore|ARM64.Build.0 = Debug|Any CPU
		{07DB6917-471F-4F8D-AB5E-DB4D6D436291}.AppStore|iPhone.ActiveCfg = Debug|Any CPU
		{07DB6917-471F-4F8D-AB5E-DB4D6D436291}.AppStore|iPhone.Build.0 = Debug|Any CPU
		{07DB6917-471F-4F8D-AB5E-DB4D6D436291}.AppStore|iPhoneSimulator.ActiveCfg = Debug|Any CPU
		{07DB6917-471F-4F8D-AB5E-DB4D6D436291}.AppStore|iPhoneSimulator.Build.0 = Debug|Any CPU
		{07DB6917-471F-4F8D-AB5E-DB4D6D436291}.AppStore|x64.ActiveCfg = Debug|Any CPU
		{07DB6917-471F-4F8D-AB5E-DB4D6D436291}.AppStore|x64.Build.0 = Debug|Any CPU
		{07DB6917-471F-4F8D-AB5E-DB4D6D436291}.AppStore|x86.ActiveCfg = Debug|Any CPU
		{07DB6917-471F-4F8D-AB5E-DB4D6D436291}.AppStore|x86.Build.0 = Debug|Any CPU
		{07DB6917-471F-4F8D-AB5E-DB4D6D436291}.Debug|Any CPU.ActiveCfg = Debug|Any CPU
		{07DB6917-471F-4F8D-AB5E-DB4D6D436291}.Debug|Any CPU.Build.0 = Debug|Any CPU
		{07DB6917-471F-4F8D-AB5E-DB4D6D436291}.Debug|ARM.ActiveCfg = Debug|Any CPU
		{07DB6917-471F-4F8D-AB5E-DB4D6D436291}.Debug|ARM.Build.0 = Debug|Any CPU
		{07DB6917-471F-4F8D-AB5E-DB4D6D436291}.Debug|ARM64.ActiveCfg = Debug|Any CPU
		{07DB6917-471F-4F8D-AB5E-DB4D6D436291}.Debug|ARM64.Build.0 = Debug|Any CPU
		{07DB6917-471F-4F8D-AB5E-DB4D6D436291}.Debug|iPhone.ActiveCfg = Debug|Any CPU
		{07DB6917-471F-4F8D-AB5E-DB4D6D436291}.Debug|iPhone.Build.0 = Debug|Any CPU
		{07DB6917-471F-4F8D-AB5E-DB4D6D436291}.Debug|iPhoneSimulator.ActiveCfg = Debug|Any CPU
		{07DB6917-471F-4F8D-AB5E-DB4D6D436291}.Debug|iPhoneSimulator.Build.0 = Debug|Any CPU
		{07DB6917-471F-4F8D-AB5E-DB4D6D436291}.Debug|x64.ActiveCfg = Debug|Any CPU
		{07DB6917-471F-4F8D-AB5E-DB4D6D436291}.Debug|x64.Build.0 = Debug|Any CPU
		{07DB6917-471F-4F8D-AB5E-DB4D6D436291}.Debug|x86.ActiveCfg = Debug|Any CPU
		{07DB6917-471F-4F8D-AB5E-DB4D6D436291}.Release|Any CPU.ActiveCfg = Release|Any CPU
		{07DB6917-471F-4F8D-AB5E-DB4D6D436291}.Release|Any CPU.Build.0 = Release|Any CPU
		{07DB6917-471F-4F8D-AB5E-DB4D6D436291}.Release|ARM.ActiveCfg = Release|Any CPU
		{07DB6917-471F-4F8D-AB5E-DB4D6D436291}.Release|ARM.Build.0 = Release|Any CPU
		{07DB6917-471F-4F8D-AB5E-DB4D6D436291}.Release|ARM64.ActiveCfg = Release|Any CPU
		{07DB6917-471F-4F8D-AB5E-DB4D6D436291}.Release|ARM64.Build.0 = Release|Any CPU
		{07DB6917-471F-4F8D-AB5E-DB4D6D436291}.Release|iPhone.ActiveCfg = Release|Any CPU
		{07DB6917-471F-4F8D-AB5E-DB4D6D436291}.Release|iPhone.Build.0 = Release|Any CPU
		{07DB6917-471F-4F8D-AB5E-DB4D6D436291}.Release|iPhoneSimulator.ActiveCfg = Release|Any CPU
		{07DB6917-471F-4F8D-AB5E-DB4D6D436291}.Release|iPhoneSimulator.Build.0 = Release|Any CPU
		{07DB6917-471F-4F8D-AB5E-DB4D6D436291}.Release|x64.ActiveCfg = Release|Any CPU
		{07DB6917-471F-4F8D-AB5E-DB4D6D436291}.Release|x64.Build.0 = Release|Any CPU
		{07DB6917-471F-4F8D-AB5E-DB4D6D436291}.Release|x86.ActiveCfg = Release|Any CPU
		{07DB6917-471F-4F8D-AB5E-DB4D6D436291}.Release|x86.Build.0 = Release|Any CPU
		{4CF8DAE5-6BB1-4526-92B7-C365149A86F4}.Ad-Hoc|Any CPU.ActiveCfg = Debug|Any CPU
		{4CF8DAE5-6BB1-4526-92B7-C365149A86F4}.Ad-Hoc|Any CPU.Build.0 = Debug|Any CPU
		{4CF8DAE5-6BB1-4526-92B7-C365149A86F4}.Ad-Hoc|ARM.ActiveCfg = Debug|Any CPU
		{4CF8DAE5-6BB1-4526-92B7-C365149A86F4}.Ad-Hoc|ARM.Build.0 = Debug|Any CPU
		{4CF8DAE5-6BB1-4526-92B7-C365149A86F4}.Ad-Hoc|ARM64.ActiveCfg = Debug|Any CPU
		{4CF8DAE5-6BB1-4526-92B7-C365149A86F4}.Ad-Hoc|ARM64.Build.0 = Debug|Any CPU
		{4CF8DAE5-6BB1-4526-92B7-C365149A86F4}.Ad-Hoc|iPhone.ActiveCfg = Debug|Any CPU
		{4CF8DAE5-6BB1-4526-92B7-C365149A86F4}.Ad-Hoc|iPhone.Build.0 = Debug|Any CPU
		{4CF8DAE5-6BB1-4526-92B7-C365149A86F4}.Ad-Hoc|iPhoneSimulator.ActiveCfg = Debug|Any CPU
		{4CF8DAE5-6BB1-4526-92B7-C365149A86F4}.Ad-Hoc|iPhoneSimulator.Build.0 = Debug|Any CPU
		{4CF8DAE5-6BB1-4526-92B7-C365149A86F4}.Ad-Hoc|x64.ActiveCfg = Debug|Any CPU
		{4CF8DAE5-6BB1-4526-92B7-C365149A86F4}.Ad-Hoc|x64.Build.0 = Debug|Any CPU
		{4CF8DAE5-6BB1-4526-92B7-C365149A86F4}.Ad-Hoc|x86.ActiveCfg = Debug|Any CPU
		{4CF8DAE5-6BB1-4526-92B7-C365149A86F4}.Ad-Hoc|x86.Build.0 = Debug|Any CPU
		{4CF8DAE5-6BB1-4526-92B7-C365149A86F4}.AppStore|Any CPU.ActiveCfg = Debug|Any CPU
		{4CF8DAE5-6BB1-4526-92B7-C365149A86F4}.AppStore|Any CPU.Build.0 = Debug|Any CPU
		{4CF8DAE5-6BB1-4526-92B7-C365149A86F4}.AppStore|ARM.ActiveCfg = Debug|Any CPU
		{4CF8DAE5-6BB1-4526-92B7-C365149A86F4}.AppStore|ARM.Build.0 = Debug|Any CPU
		{4CF8DAE5-6BB1-4526-92B7-C365149A86F4}.AppStore|ARM64.ActiveCfg = Debug|Any CPU
		{4CF8DAE5-6BB1-4526-92B7-C365149A86F4}.AppStore|ARM64.Build.0 = Debug|Any CPU
		{4CF8DAE5-6BB1-4526-92B7-C365149A86F4}.AppStore|iPhone.ActiveCfg = Debug|Any CPU
		{4CF8DAE5-6BB1-4526-92B7-C365149A86F4}.AppStore|iPhone.Build.0 = Debug|Any CPU
		{4CF8DAE5-6BB1-4526-92B7-C365149A86F4}.AppStore|iPhoneSimulator.ActiveCfg = Debug|Any CPU
		{4CF8DAE5-6BB1-4526-92B7-C365149A86F4}.AppStore|iPhoneSimulator.Build.0 = Debug|Any CPU
		{4CF8DAE5-6BB1-4526-92B7-C365149A86F4}.AppStore|x64.ActiveCfg = Debug|Any CPU
		{4CF8DAE5-6BB1-4526-92B7-C365149A86F4}.AppStore|x64.Build.0 = Debug|Any CPU
		{4CF8DAE5-6BB1-4526-92B7-C365149A86F4}.AppStore|x86.ActiveCfg = Debug|Any CPU
		{4CF8DAE5-6BB1-4526-92B7-C365149A86F4}.AppStore|x86.Build.0 = Debug|Any CPU
		{4CF8DAE5-6BB1-4526-92B7-C365149A86F4}.Debug|Any CPU.ActiveCfg = Debug|Any CPU
		{4CF8DAE5-6BB1-4526-92B7-C365149A86F4}.Debug|Any CPU.Build.0 = Debug|Any CPU
		{4CF8DAE5-6BB1-4526-92B7-C365149A86F4}.Debug|ARM.ActiveCfg = Debug|Any CPU
		{4CF8DAE5-6BB1-4526-92B7-C365149A86F4}.Debug|ARM.Build.0 = Debug|Any CPU
		{4CF8DAE5-6BB1-4526-92B7-C365149A86F4}.Debug|ARM64.ActiveCfg = Debug|Any CPU
		{4CF8DAE5-6BB1-4526-92B7-C365149A86F4}.Debug|ARM64.Build.0 = Debug|Any CPU
		{4CF8DAE5-6BB1-4526-92B7-C365149A86F4}.Debug|iPhone.ActiveCfg = Debug|Any CPU
		{4CF8DAE5-6BB1-4526-92B7-C365149A86F4}.Debug|iPhone.Build.0 = Debug|Any CPU
		{4CF8DAE5-6BB1-4526-92B7-C365149A86F4}.Debug|iPhoneSimulator.ActiveCfg = Debug|Any CPU
		{4CF8DAE5-6BB1-4526-92B7-C365149A86F4}.Debug|iPhoneSimulator.Build.0 = Debug|Any CPU
		{4CF8DAE5-6BB1-4526-92B7-C365149A86F4}.Debug|x64.ActiveCfg = Debug|Any CPU
		{4CF8DAE5-6BB1-4526-92B7-C365149A86F4}.Debug|x64.Build.0 = Debug|Any CPU
		{4CF8DAE5-6BB1-4526-92B7-C365149A86F4}.Debug|x86.ActiveCfg = Debug|Any CPU
		{4CF8DAE5-6BB1-4526-92B7-C365149A86F4}.Release|Any CPU.ActiveCfg = Release|Any CPU
		{4CF8DAE5-6BB1-4526-92B7-C365149A86F4}.Release|Any CPU.Build.0 = Release|Any CPU
		{4CF8DAE5-6BB1-4526-92B7-C365149A86F4}.Release|ARM.ActiveCfg = Release|Any CPU
		{4CF8DAE5-6BB1-4526-92B7-C365149A86F4}.Release|ARM.Build.0 = Release|Any CPU
		{4CF8DAE5-6BB1-4526-92B7-C365149A86F4}.Release|ARM64.ActiveCfg = Release|Any CPU
		{4CF8DAE5-6BB1-4526-92B7-C365149A86F4}.Release|ARM64.Build.0 = Release|Any CPU
		{4CF8DAE5-6BB1-4526-92B7-C365149A86F4}.Release|iPhone.ActiveCfg = Release|Any CPU
		{4CF8DAE5-6BB1-4526-92B7-C365149A86F4}.Release|iPhone.Build.0 = Release|Any CPU
		{4CF8DAE5-6BB1-4526-92B7-C365149A86F4}.Release|iPhoneSimulator.ActiveCfg = Release|Any CPU
		{4CF8DAE5-6BB1-4526-92B7-C365149A86F4}.Release|iPhoneSimulator.Build.0 = Release|Any CPU
		{4CF8DAE5-6BB1-4526-92B7-C365149A86F4}.Release|x64.ActiveCfg = Release|Any CPU
		{4CF8DAE5-6BB1-4526-92B7-C365149A86F4}.Release|x64.Build.0 = Release|Any CPU
		{4CF8DAE5-6BB1-4526-92B7-C365149A86F4}.Release|x86.ActiveCfg = Release|Any CPU
		{4CF8DAE5-6BB1-4526-92B7-C365149A86F4}.Release|x86.Build.0 = Release|Any CPU
		{4EB5DBCD-0BA0-4225-A211-13D856A8D45C}.Ad-Hoc|Any CPU.ActiveCfg = Debug|Any CPU
		{4EB5DBCD-0BA0-4225-A211-13D856A8D45C}.Ad-Hoc|Any CPU.Build.0 = Debug|Any CPU
		{4EB5DBCD-0BA0-4225-A211-13D856A8D45C}.Ad-Hoc|ARM.ActiveCfg = Debug|Any CPU
		{4EB5DBCD-0BA0-4225-A211-13D856A8D45C}.Ad-Hoc|ARM.Build.0 = Debug|Any CPU
		{4EB5DBCD-0BA0-4225-A211-13D856A8D45C}.Ad-Hoc|ARM64.ActiveCfg = Debug|Any CPU
		{4EB5DBCD-0BA0-4225-A211-13D856A8D45C}.Ad-Hoc|ARM64.Build.0 = Debug|Any CPU
		{4EB5DBCD-0BA0-4225-A211-13D856A8D45C}.Ad-Hoc|iPhone.ActiveCfg = Debug|Any CPU
		{4EB5DBCD-0BA0-4225-A211-13D856A8D45C}.Ad-Hoc|iPhone.Build.0 = Debug|Any CPU
		{4EB5DBCD-0BA0-4225-A211-13D856A8D45C}.Ad-Hoc|iPhoneSimulator.ActiveCfg = Debug|Any CPU
		{4EB5DBCD-0BA0-4225-A211-13D856A8D45C}.Ad-Hoc|iPhoneSimulator.Build.0 = Debug|Any CPU
		{4EB5DBCD-0BA0-4225-A211-13D856A8D45C}.Ad-Hoc|x64.ActiveCfg = Debug|Any CPU
		{4EB5DBCD-0BA0-4225-A211-13D856A8D45C}.Ad-Hoc|x64.Build.0 = Debug|Any CPU
		{4EB5DBCD-0BA0-4225-A211-13D856A8D45C}.Ad-Hoc|x86.ActiveCfg = Debug|Any CPU
		{4EB5DBCD-0BA0-4225-A211-13D856A8D45C}.Ad-Hoc|x86.Build.0 = Debug|Any CPU
		{4EB5DBCD-0BA0-4225-A211-13D856A8D45C}.AppStore|Any CPU.ActiveCfg = Debug|Any CPU
		{4EB5DBCD-0BA0-4225-A211-13D856A8D45C}.AppStore|Any CPU.Build.0 = Debug|Any CPU
		{4EB5DBCD-0BA0-4225-A211-13D856A8D45C}.AppStore|ARM.ActiveCfg = Debug|Any CPU
		{4EB5DBCD-0BA0-4225-A211-13D856A8D45C}.AppStore|ARM.Build.0 = Debug|Any CPU
		{4EB5DBCD-0BA0-4225-A211-13D856A8D45C}.AppStore|ARM64.ActiveCfg = Debug|Any CPU
		{4EB5DBCD-0BA0-4225-A211-13D856A8D45C}.AppStore|ARM64.Build.0 = Debug|Any CPU
		{4EB5DBCD-0BA0-4225-A211-13D856A8D45C}.AppStore|iPhone.ActiveCfg = Debug|Any CPU
		{4EB5DBCD-0BA0-4225-A211-13D856A8D45C}.AppStore|iPhone.Build.0 = Debug|Any CPU
		{4EB5DBCD-0BA0-4225-A211-13D856A8D45C}.AppStore|iPhoneSimulator.ActiveCfg = Debug|Any CPU
		{4EB5DBCD-0BA0-4225-A211-13D856A8D45C}.AppStore|iPhoneSimulator.Build.0 = Debug|Any CPU
		{4EB5DBCD-0BA0-4225-A211-13D856A8D45C}.AppStore|x64.ActiveCfg = Debug|Any CPU
		{4EB5DBCD-0BA0-4225-A211-13D856A8D45C}.AppStore|x64.Build.0 = Debug|Any CPU
		{4EB5DBCD-0BA0-4225-A211-13D856A8D45C}.AppStore|x86.ActiveCfg = Debug|Any CPU
		{4EB5DBCD-0BA0-4225-A211-13D856A8D45C}.AppStore|x86.Build.0 = Debug|Any CPU
		{4EB5DBCD-0BA0-4225-A211-13D856A8D45C}.Debug|Any CPU.ActiveCfg = Debug|Any CPU
		{4EB5DBCD-0BA0-4225-A211-13D856A8D45C}.Debug|Any CPU.Build.0 = Debug|Any CPU
		{4EB5DBCD-0BA0-4225-A211-13D856A8D45C}.Debug|ARM.ActiveCfg = Debug|Any CPU
		{4EB5DBCD-0BA0-4225-A211-13D856A8D45C}.Debug|ARM.Build.0 = Debug|Any CPU
		{4EB5DBCD-0BA0-4225-A211-13D856A8D45C}.Debug|ARM64.ActiveCfg = Debug|Any CPU
		{4EB5DBCD-0BA0-4225-A211-13D856A8D45C}.Debug|ARM64.Build.0 = Debug|Any CPU
		{4EB5DBCD-0BA0-4225-A211-13D856A8D45C}.Debug|iPhone.ActiveCfg = Debug|Any CPU
		{4EB5DBCD-0BA0-4225-A211-13D856A8D45C}.Debug|iPhone.Build.0 = Debug|Any CPU
		{4EB5DBCD-0BA0-4225-A211-13D856A8D45C}.Debug|iPhoneSimulator.ActiveCfg = Debug|Any CPU
		{4EB5DBCD-0BA0-4225-A211-13D856A8D45C}.Debug|iPhoneSimulator.Build.0 = Debug|Any CPU
		{4EB5DBCD-0BA0-4225-A211-13D856A8D45C}.Debug|x64.ActiveCfg = Debug|Any CPU
		{4EB5DBCD-0BA0-4225-A211-13D856A8D45C}.Debug|x64.Build.0 = Debug|Any CPU
		{4EB5DBCD-0BA0-4225-A211-13D856A8D45C}.Debug|x86.ActiveCfg = Debug|Any CPU
		{4EB5DBCD-0BA0-4225-A211-13D856A8D45C}.Release|Any CPU.ActiveCfg = Release|Any CPU
		{4EB5DBCD-0BA0-4225-A211-13D856A8D45C}.Release|Any CPU.Build.0 = Release|Any CPU
		{4EB5DBCD-0BA0-4225-A211-13D856A8D45C}.Release|ARM.ActiveCfg = Release|Any CPU
		{4EB5DBCD-0BA0-4225-A211-13D856A8D45C}.Release|ARM.Build.0 = Release|Any CPU
		{4EB5DBCD-0BA0-4225-A211-13D856A8D45C}.Release|ARM64.ActiveCfg = Release|Any CPU
		{4EB5DBCD-0BA0-4225-A211-13D856A8D45C}.Release|ARM64.Build.0 = Release|Any CPU
		{4EB5DBCD-0BA0-4225-A211-13D856A8D45C}.Release|iPhone.ActiveCfg = Release|Any CPU
		{4EB5DBCD-0BA0-4225-A211-13D856A8D45C}.Release|iPhone.Build.0 = Release|Any CPU
		{4EB5DBCD-0BA0-4225-A211-13D856A8D45C}.Release|iPhoneSimulator.ActiveCfg = Release|Any CPU
		{4EB5DBCD-0BA0-4225-A211-13D856A8D45C}.Release|iPhoneSimulator.Build.0 = Release|Any CPU
		{4EB5DBCD-0BA0-4225-A211-13D856A8D45C}.Release|x64.ActiveCfg = Release|Any CPU
		{4EB5DBCD-0BA0-4225-A211-13D856A8D45C}.Release|x64.Build.0 = Release|Any CPU
		{4EB5DBCD-0BA0-4225-A211-13D856A8D45C}.Release|x86.ActiveCfg = Release|Any CPU
		{4EB5DBCD-0BA0-4225-A211-13D856A8D45C}.Release|x86.Build.0 = Release|Any CPU
		{3B83892D-482B-49CD-9084-9F029D10E932}.Ad-Hoc|Any CPU.ActiveCfg = Debug|Any CPU
		{3B83892D-482B-49CD-9084-9F029D10E932}.Ad-Hoc|Any CPU.Build.0 = Debug|Any CPU
		{3B83892D-482B-49CD-9084-9F029D10E932}.Ad-Hoc|ARM.ActiveCfg = Debug|Any CPU
		{3B83892D-482B-49CD-9084-9F029D10E932}.Ad-Hoc|ARM.Build.0 = Debug|Any CPU
		{3B83892D-482B-49CD-9084-9F029D10E932}.Ad-Hoc|ARM64.ActiveCfg = Debug|Any CPU
		{3B83892D-482B-49CD-9084-9F029D10E932}.Ad-Hoc|ARM64.Build.0 = Debug|Any CPU
		{3B83892D-482B-49CD-9084-9F029D10E932}.Ad-Hoc|iPhone.ActiveCfg = Debug|Any CPU
		{3B83892D-482B-49CD-9084-9F029D10E932}.Ad-Hoc|iPhone.Build.0 = Debug|Any CPU
		{3B83892D-482B-49CD-9084-9F029D10E932}.Ad-Hoc|iPhoneSimulator.ActiveCfg = Debug|Any CPU
		{3B83892D-482B-49CD-9084-9F029D10E932}.Ad-Hoc|iPhoneSimulator.Build.0 = Debug|Any CPU
		{3B83892D-482B-49CD-9084-9F029D10E932}.Ad-Hoc|x64.ActiveCfg = Debug|Any CPU
		{3B83892D-482B-49CD-9084-9F029D10E932}.Ad-Hoc|x64.Build.0 = Debug|Any CPU
		{3B83892D-482B-49CD-9084-9F029D10E932}.Ad-Hoc|x86.ActiveCfg = Debug|Any CPU
		{3B83892D-482B-49CD-9084-9F029D10E932}.Ad-Hoc|x86.Build.0 = Debug|Any CPU
		{3B83892D-482B-49CD-9084-9F029D10E932}.AppStore|Any CPU.ActiveCfg = Debug|Any CPU
		{3B83892D-482B-49CD-9084-9F029D10E932}.AppStore|Any CPU.Build.0 = Debug|Any CPU
		{3B83892D-482B-49CD-9084-9F029D10E932}.AppStore|ARM.ActiveCfg = Debug|Any CPU
		{3B83892D-482B-49CD-9084-9F029D10E932}.AppStore|ARM.Build.0 = Debug|Any CPU
		{3B83892D-482B-49CD-9084-9F029D10E932}.AppStore|ARM64.ActiveCfg = Debug|Any CPU
		{3B83892D-482B-49CD-9084-9F029D10E932}.AppStore|ARM64.Build.0 = Debug|Any CPU
		{3B83892D-482B-49CD-9084-9F029D10E932}.AppStore|iPhone.ActiveCfg = Debug|Any CPU
		{3B83892D-482B-49CD-9084-9F029D10E932}.AppStore|iPhone.Build.0 = Debug|Any CPU
		{3B83892D-482B-49CD-9084-9F029D10E932}.AppStore|iPhoneSimulator.ActiveCfg = Debug|Any CPU
		{3B83892D-482B-49CD-9084-9F029D10E932}.AppStore|iPhoneSimulator.Build.0 = Debug|Any CPU
		{3B83892D-482B-49CD-9084-9F029D10E932}.AppStore|x64.ActiveCfg = Debug|Any CPU
		{3B83892D-482B-49CD-9084-9F029D10E932}.AppStore|x64.Build.0 = Debug|Any CPU
		{3B83892D-482B-49CD-9084-9F029D10E932}.AppStore|x86.ActiveCfg = Debug|Any CPU
		{3B83892D-482B-49CD-9084-9F029D10E932}.AppStore|x86.Build.0 = Debug|Any CPU
		{3B83892D-482B-49CD-9084-9F029D10E932}.Debug|Any CPU.ActiveCfg = Debug|Any CPU
		{3B83892D-482B-49CD-9084-9F029D10E932}.Debug|Any CPU.Build.0 = Debug|Any CPU
		{3B83892D-482B-49CD-9084-9F029D10E932}.Debug|ARM.ActiveCfg = Debug|Any CPU
		{3B83892D-482B-49CD-9084-9F029D10E932}.Debug|ARM.Build.0 = Debug|Any CPU
		{3B83892D-482B-49CD-9084-9F029D10E932}.Debug|ARM64.ActiveCfg = Debug|Any CPU
		{3B83892D-482B-49CD-9084-9F029D10E932}.Debug|ARM64.Build.0 = Debug|Any CPU
		{3B83892D-482B-49CD-9084-9F029D10E932}.Debug|iPhone.ActiveCfg = Debug|Any CPU
		{3B83892D-482B-49CD-9084-9F029D10E932}.Debug|iPhone.Build.0 = Debug|Any CPU
		{3B83892D-482B-49CD-9084-9F029D10E932}.Debug|iPhoneSimulator.ActiveCfg = Debug|Any CPU
		{3B83892D-482B-49CD-9084-9F029D10E932}.Debug|iPhoneSimulator.Build.0 = Debug|Any CPU
		{3B83892D-482B-49CD-9084-9F029D10E932}.Debug|x64.ActiveCfg = Debug|Any CPU
		{3B83892D-482B-49CD-9084-9F029D10E932}.Debug|x64.Build.0 = Debug|Any CPU
		{3B83892D-482B-49CD-9084-9F029D10E932}.Debug|x86.ActiveCfg = Debug|Any CPU
		{3B83892D-482B-49CD-9084-9F029D10E932}.Release|Any CPU.ActiveCfg = Release|Any CPU
		{3B83892D-482B-49CD-9084-9F029D10E932}.Release|Any CPU.Build.0 = Release|Any CPU
		{3B83892D-482B-49CD-9084-9F029D10E932}.Release|ARM.ActiveCfg = Release|Any CPU
		{3B83892D-482B-49CD-9084-9F029D10E932}.Release|ARM.Build.0 = Release|Any CPU
		{3B83892D-482B-49CD-9084-9F029D10E932}.Release|ARM64.ActiveCfg = Release|Any CPU
		{3B83892D-482B-49CD-9084-9F029D10E932}.Release|ARM64.Build.0 = Release|Any CPU
		{3B83892D-482B-49CD-9084-9F029D10E932}.Release|iPhone.ActiveCfg = Release|Any CPU
		{3B83892D-482B-49CD-9084-9F029D10E932}.Release|iPhone.Build.0 = Release|Any CPU
		{3B83892D-482B-49CD-9084-9F029D10E932}.Release|iPhoneSimulator.ActiveCfg = Release|Any CPU
		{3B83892D-482B-49CD-9084-9F029D10E932}.Release|iPhoneSimulator.Build.0 = Release|Any CPU
		{3B83892D-482B-49CD-9084-9F029D10E932}.Release|x64.ActiveCfg = Release|Any CPU
		{3B83892D-482B-49CD-9084-9F029D10E932}.Release|x64.Build.0 = Release|Any CPU
		{3B83892D-482B-49CD-9084-9F029D10E932}.Release|x86.ActiveCfg = Release|Any CPU
		{3B83892D-482B-49CD-9084-9F029D10E932}.Release|x86.Build.0 = Release|Any CPU
		{3AB50D9E-7EE6-4932-A05D-04CA4368FCC5}.Ad-Hoc|Any CPU.ActiveCfg = Debug|Any CPU
		{3AB50D9E-7EE6-4932-A05D-04CA4368FCC5}.Ad-Hoc|Any CPU.Build.0 = Debug|Any CPU
		{3AB50D9E-7EE6-4932-A05D-04CA4368FCC5}.Ad-Hoc|ARM.ActiveCfg = Debug|Any CPU
		{3AB50D9E-7EE6-4932-A05D-04CA4368FCC5}.Ad-Hoc|ARM.Build.0 = Debug|Any CPU
		{3AB50D9E-7EE6-4932-A05D-04CA4368FCC5}.Ad-Hoc|ARM64.ActiveCfg = Debug|Any CPU
		{3AB50D9E-7EE6-4932-A05D-04CA4368FCC5}.Ad-Hoc|ARM64.Build.0 = Debug|Any CPU
		{3AB50D9E-7EE6-4932-A05D-04CA4368FCC5}.Ad-Hoc|iPhone.ActiveCfg = Debug|Any CPU
		{3AB50D9E-7EE6-4932-A05D-04CA4368FCC5}.Ad-Hoc|iPhone.Build.0 = Debug|Any CPU
		{3AB50D9E-7EE6-4932-A05D-04CA4368FCC5}.Ad-Hoc|iPhoneSimulator.ActiveCfg = Debug|Any CPU
		{3AB50D9E-7EE6-4932-A05D-04CA4368FCC5}.Ad-Hoc|iPhoneSimulator.Build.0 = Debug|Any CPU
		{3AB50D9E-7EE6-4932-A05D-04CA4368FCC5}.Ad-Hoc|x64.ActiveCfg = Debug|Any CPU
		{3AB50D9E-7EE6-4932-A05D-04CA4368FCC5}.Ad-Hoc|x64.Build.0 = Debug|Any CPU
		{3AB50D9E-7EE6-4932-A05D-04CA4368FCC5}.Ad-Hoc|x86.ActiveCfg = Debug|Any CPU
		{3AB50D9E-7EE6-4932-A05D-04CA4368FCC5}.Ad-Hoc|x86.Build.0 = Debug|Any CPU
		{3AB50D9E-7EE6-4932-A05D-04CA4368FCC5}.AppStore|Any CPU.ActiveCfg = Debug|Any CPU
		{3AB50D9E-7EE6-4932-A05D-04CA4368FCC5}.AppStore|Any CPU.Build.0 = Debug|Any CPU
		{3AB50D9E-7EE6-4932-A05D-04CA4368FCC5}.AppStore|ARM.ActiveCfg = Debug|Any CPU
		{3AB50D9E-7EE6-4932-A05D-04CA4368FCC5}.AppStore|ARM.Build.0 = Debug|Any CPU
		{3AB50D9E-7EE6-4932-A05D-04CA4368FCC5}.AppStore|ARM64.ActiveCfg = Debug|Any CPU
		{3AB50D9E-7EE6-4932-A05D-04CA4368FCC5}.AppStore|ARM64.Build.0 = Debug|Any CPU
		{3AB50D9E-7EE6-4932-A05D-04CA4368FCC5}.AppStore|iPhone.ActiveCfg = Debug|Any CPU
		{3AB50D9E-7EE6-4932-A05D-04CA4368FCC5}.AppStore|iPhone.Build.0 = Debug|Any CPU
		{3AB50D9E-7EE6-4932-A05D-04CA4368FCC5}.AppStore|iPhoneSimulator.ActiveCfg = Debug|Any CPU
		{3AB50D9E-7EE6-4932-A05D-04CA4368FCC5}.AppStore|iPhoneSimulator.Build.0 = Debug|Any CPU
		{3AB50D9E-7EE6-4932-A05D-04CA4368FCC5}.AppStore|x64.ActiveCfg = Debug|Any CPU
		{3AB50D9E-7EE6-4932-A05D-04CA4368FCC5}.AppStore|x64.Build.0 = Debug|Any CPU
		{3AB50D9E-7EE6-4932-A05D-04CA4368FCC5}.AppStore|x86.ActiveCfg = Debug|Any CPU
		{3AB50D9E-7EE6-4932-A05D-04CA4368FCC5}.AppStore|x86.Build.0 = Debug|Any CPU
		{3AB50D9E-7EE6-4932-A05D-04CA4368FCC5}.Debug|Any CPU.ActiveCfg = Debug|Any CPU
		{3AB50D9E-7EE6-4932-A05D-04CA4368FCC5}.Debug|Any CPU.Build.0 = Debug|Any CPU
		{3AB50D9E-7EE6-4932-A05D-04CA4368FCC5}.Debug|ARM.ActiveCfg = Debug|Any CPU
		{3AB50D9E-7EE6-4932-A05D-04CA4368FCC5}.Debug|ARM.Build.0 = Debug|Any CPU
		{3AB50D9E-7EE6-4932-A05D-04CA4368FCC5}.Debug|ARM64.ActiveCfg = Debug|Any CPU
		{3AB50D9E-7EE6-4932-A05D-04CA4368FCC5}.Debug|ARM64.Build.0 = Debug|Any CPU
		{3AB50D9E-7EE6-4932-A05D-04CA4368FCC5}.Debug|iPhone.ActiveCfg = Debug|Any CPU
		{3AB50D9E-7EE6-4932-A05D-04CA4368FCC5}.Debug|iPhone.Build.0 = Debug|Any CPU
		{3AB50D9E-7EE6-4932-A05D-04CA4368FCC5}.Debug|iPhoneSimulator.ActiveCfg = Debug|Any CPU
		{3AB50D9E-7EE6-4932-A05D-04CA4368FCC5}.Debug|iPhoneSimulator.Build.0 = Debug|Any CPU
		{3AB50D9E-7EE6-4932-A05D-04CA4368FCC5}.Debug|x64.ActiveCfg = Debug|Any CPU
		{3AB50D9E-7EE6-4932-A05D-04CA4368FCC5}.Debug|x64.Build.0 = Debug|Any CPU
		{3AB50D9E-7EE6-4932-A05D-04CA4368FCC5}.Debug|x86.ActiveCfg = Debug|Any CPU
		{3AB50D9E-7EE6-4932-A05D-04CA4368FCC5}.Debug|x86.Build.0 = Debug|Any CPU
		{3AB50D9E-7EE6-4932-A05D-04CA4368FCC5}.Release|Any CPU.ActiveCfg = Release|Any CPU
		{3AB50D9E-7EE6-4932-A05D-04CA4368FCC5}.Release|Any CPU.Build.0 = Release|Any CPU
		{3AB50D9E-7EE6-4932-A05D-04CA4368FCC5}.Release|ARM.ActiveCfg = Release|Any CPU
		{3AB50D9E-7EE6-4932-A05D-04CA4368FCC5}.Release|ARM.Build.0 = Release|Any CPU
		{3AB50D9E-7EE6-4932-A05D-04CA4368FCC5}.Release|ARM64.ActiveCfg = Release|Any CPU
		{3AB50D9E-7EE6-4932-A05D-04CA4368FCC5}.Release|ARM64.Build.0 = Release|Any CPU
		{3AB50D9E-7EE6-4932-A05D-04CA4368FCC5}.Release|iPhone.ActiveCfg = Release|Any CPU
		{3AB50D9E-7EE6-4932-A05D-04CA4368FCC5}.Release|iPhone.Build.0 = Release|Any CPU
		{3AB50D9E-7EE6-4932-A05D-04CA4368FCC5}.Release|iPhoneSimulator.ActiveCfg = Release|Any CPU
		{3AB50D9E-7EE6-4932-A05D-04CA4368FCC5}.Release|iPhoneSimulator.Build.0 = Release|Any CPU
		{3AB50D9E-7EE6-4932-A05D-04CA4368FCC5}.Release|x64.ActiveCfg = Release|Any CPU
		{3AB50D9E-7EE6-4932-A05D-04CA4368FCC5}.Release|x64.Build.0 = Release|Any CPU
		{3AB50D9E-7EE6-4932-A05D-04CA4368FCC5}.Release|x86.ActiveCfg = Release|Any CPU
		{3AB50D9E-7EE6-4932-A05D-04CA4368FCC5}.Release|x86.Build.0 = Release|Any CPU
	EndGlobalSection
	GlobalSection(SolutionProperties) = preSolution
		HideSolutionNode = FALSE
	EndGlobalSection
	GlobalSection(NestedProjects) = preSolution
		{9BBD2031-E417-4AC8-B5AA-5F8F4DDC3962} = {2E67FA86-C29E-4299-BE54-B959F77D29A3}
		{8DAB216E-15E1-4804-8CF7-9C7D6FCE874D} = {2E67FA86-C29E-4299-BE54-B959F77D29A3}
		{2F448DD7-0C99-4E96-AB94-85DBFF8C78F7} = {2E67FA86-C29E-4299-BE54-B959F77D29A3}
		{4CA7CD3B-24D2-4F21-A48C-6A68E2C877CE} = {2E67FA86-C29E-4299-BE54-B959F77D29A3}
		{358C099C-1DAD-451D-AD20-82B091DB3A42} = {2E67FA86-C29E-4299-BE54-B959F77D29A3}
		{07DB6917-471F-4F8D-AB5E-DB4D6D436291} = {2E67FA86-C29E-4299-BE54-B959F77D29A3}
		{4CF8DAE5-6BB1-4526-92B7-C365149A86F4} = {2E67FA86-C29E-4299-BE54-B959F77D29A3}
		{4EB5DBCD-0BA0-4225-A211-13D856A8D45C} = {2E67FA86-C29E-4299-BE54-B959F77D29A3}
		{3B83892D-482B-49CD-9084-9F029D10E932} = {2E67FA86-C29E-4299-BE54-B959F77D29A3}
	EndGlobalSection
	GlobalSection(ExtensibilityGlobals) = postSolution
		SolutionGuid = {F9D591DD-EA9C-476A-ABC7-794062D399D2}
	EndGlobalSection
EndGlobal
